// !$*UTF8*$!
{
	archiveVersion = 1;
	classes = {
	};
	objectVersion = 50;
	objects = {

/* Begin PBXBuildFile section */
		699827ED26249C35005AC59E /* Apache_Log_DemoApp.swift in Sources */ = {isa = PBXBuildFile; fileRef = 699827EC26249C35005AC59E /* Apache_Log_DemoApp.swift */; };
		699827EF26249C35005AC59E /* LandingPage.swift in Sources */ = {isa = PBXBuildFile; fileRef = 699827EE26249C35005AC59E /* LandingPage.swift */; };
		699827F126249C36005AC59E /* Assets.xcassets in Resources */ = {isa = PBXBuildFile; fileRef = 699827F026249C36005AC59E /* Assets.xcassets */; };
		699827F426249C36005AC59E /* Preview Assets.xcassets in Resources */ = {isa = PBXBuildFile; fileRef = 699827F326249C36005AC59E /* Preview Assets.xcassets */; };
		699827FE26249C9B005AC59E /* LandingPageViewModel.swift in Sources */ = {isa = PBXBuildFile; fileRef = 699827FD26249C9B005AC59E /* LandingPageViewModel.swift */; };
		699828012624C260005AC59E /* EventLog.swift in Sources */ = {isa = PBXBuildFile; fileRef = 699828002624C260005AC59E /* EventLog.swift */; };
		69C06F7F2625254500FD8C9F /* ProgressIndicator.swift in Sources */ = {isa = PBXBuildFile; fileRef = 69C06F7E2625254500FD8C9F /* ProgressIndicator.swift */; };
		69C06F822625268A00FD8C9F /* LandingPageErrorModal.swift in Sources */ = {isa = PBXBuildFile; fileRef = 69C06F812625268A00FD8C9F /* LandingPageErrorModal.swift */; };
/* End PBXBuildFile section */

/* Begin PBXFileReference section */
		699827E926249C35005AC59E /* Apache-Log-Demo.app */ = {isa = PBXFileReference; explicitFileType = wrapper.application; includeInIndex = 0; path = "Apache-Log-Demo.app"; sourceTree = BUILT_PRODUCTS_DIR; };
		699827EC26249C35005AC59E /* Apache_Log_DemoApp.swift */ = {isa = PBXFileReference; lastKnownFileType = sourcecode.swift; path = Apache_Log_DemoApp.swift; sourceTree = "<group>"; };
		699827EE26249C35005AC59E /* LandingPage.swift */ = {isa = PBXFileReference; lastKnownFileType = sourcecode.swift; path = LandingPage.swift; sourceTree = "<group>"; };
		699827F026249C36005AC59E /* Assets.xcassets */ = {isa = PBXFileReference; lastKnownFileType = folder.assetcatalog; path = Assets.xcassets; sourceTree = "<group>"; };
		699827F326249C36005AC59E /* Preview Assets.xcassets */ = {isa = PBXFileReference; lastKnownFileType = folder.assetcatalog; path = "Preview Assets.xcassets"; sourceTree = "<group>"; };
		699827F526249C36005AC59E /* Info.plist */ = {isa = PBXFileReference; lastKnownFileType = text.plist.xml; path = Info.plist; sourceTree = "<group>"; };
		699827FD26249C9B005AC59E /* LandingPageViewModel.swift */ = {isa = PBXFileReference; lastKnownFileType = sourcecode.swift; path = LandingPageViewModel.swift; sourceTree = "<group>"; };
		699828002624C260005AC59E /* EventLog.swift */ = {isa = PBXFileReference; lastKnownFileType = sourcecode.swift; path = EventLog.swift; sourceTree = "<group>"; };
		69C06F7E2625254500FD8C9F /* ProgressIndicator.swift */ = {isa = PBXFileReference; lastKnownFileType = sourcecode.swift; path = ProgressIndicator.swift; sourceTree = "<group>"; };
		69C06F812625268A00FD8C9F /* LandingPageErrorModal.swift */ = {isa = PBXFileReference; lastKnownFileType = sourcecode.swift; path = LandingPageErrorModal.swift; sourceTree = "<group>"; };
/* End PBXFileReference section */

/* Begin PBXFrameworksBuildPhase section */
		699827E626249C35005AC59E /* Frameworks */ = {
			isa = PBXFrameworksBuildPhase;
			buildActionMask = 2147483647;
			files = (
			);
			runOnlyForDeploymentPostprocessing = 0;
		};
/* End PBXFrameworksBuildPhase section */

/* Begin PBXGroup section */
		699827E026249C35005AC59E = {
			isa = PBXGroup;
			children = (
				699827EB26249C35005AC59E /* Apache-Log-Demo */,
				699827EA26249C35005AC59E /* Products */,
			);
			sourceTree = "<group>";
		};
		699827EA26249C35005AC59E /* Products */ = {
			isa = PBXGroup;
			children = (
				699827E926249C35005AC59E /* Apache-Log-Demo.app */,
			);
			name = Products;
			sourceTree = "<group>";
		};
		699827EB26249C35005AC59E /* Apache-Log-Demo */ = {
			isa = PBXGroup;
			children = (
				699827EC26249C35005AC59E /* Apache_Log_DemoApp.swift */,
				699827EE26249C35005AC59E /* LandingPage.swift */,
				699827FD26249C9B005AC59E /* LandingPageViewModel.swift */,
				699828002624C260005AC59E /* EventLog.swift */,
				69C06F7E2625254500FD8C9F /* ProgressIndicator.swift */,
				699827F026249C36005AC59E /* Assets.xcassets */,
				699827F526249C36005AC59E /* Info.plist */,
				699827F226249C36005AC59E /* Preview Content */,
				69C06F812625268A00FD8C9F /* LandingPageErrorModal.swift */,
			);
			path = "Apache-Log-Demo";
			sourceTree = "<group>";
		};
		699827F226249C36005AC59E /* Preview Content */ = {
			isa = PBXGroup;
			children = (
				699827F326249C36005AC59E /* Preview Assets.xcassets */,
			);
			path = "Preview Content";
			sourceTree = "<group>";
		};
/* End PBXGroup section */

/* Begin PBXNativeTarget section */
		699827E826249C35005AC59E /* Apache-Log-Demo */ = {
			isa = PBXNativeTarget;
			buildConfigurationList = 699827F826249C36005AC59E /* Build configuration list for PBXNativeTarget "Apache-Log-Demo" */;
			buildPhases = (
				699827E526249C35005AC59E /* Sources */,
				699827E626249C35005AC59E /* Frameworks */,
				699827E726249C35005AC59E /* Resources */,
			);
			buildRules = (
			);
			dependencies = (
			);
			name = "Apache-Log-Demo";
			productName = "Apache-Log-Demo";
			productReference = 699827E926249C35005AC59E /* Apache-Log-Demo.app */;
			productType = "com.apple.product-type.application";
		};
/* End PBXNativeTarget section */

/* Begin PBXProject section */
		699827E126249C35005AC59E /* Project object */ = {
			isa = PBXProject;
			attributes = {
				LastSwiftUpdateCheck = 1240;
				LastUpgradeCheck = 1240;
				TargetAttributes = {
					699827E826249C35005AC59E = {
						CreatedOnToolsVersion = 12.4;
					};
				};
			};
			buildConfigurationList = 699827E426249C35005AC59E /* Build configuration list for PBXProject "Apache-Log-Demo" */;
			compatibilityVersion = "Xcode 9.3";
			developmentRegion = en;
			hasScannedForEncodings = 0;
			knownRegions = (
				en,
				Base,
			);
			mainGroup = 699827E026249C35005AC59E;
			productRefGroup = 699827EA26249C35005AC59E /* Products */;
			projectDirPath = "";
			projectRoot = "";
			targets = (
				699827E826249C35005AC59E /* Apache-Log-Demo */,
			);
		};
/* End PBXProject section */

/* Begin PBXResourcesBuildPhase section */
		699827E726249C35005AC59E /* Resources */ = {
			isa = PBXResourcesBuildPhase;
			buildActionMask = 2147483647;
			files = (
				699827F426249C36005AC59E /* Preview Assets.xcassets in Resources */,
				699827F126249C36005AC59E /* Assets.xcassets in Resources */,
			);
			runOnlyForDeploymentPostprocessing = 0;
		};
/* End PBXResourcesBuildPhase section */

/* Begin PBXSourcesBuildPhase section */
		699827E526249C35005AC59E /* Sources */ = {
			isa = PBXSourcesBuildPhase;
			buildActionMask = 2147483647;
			files = (
				699827FE26249C9B005AC59E /* LandingPageViewModel.swift in Sources */,
				699828012624C260005AC59E /* EventLog.swift in Sources */,
				699827EF26249C35005AC59E /* LandingPage.swift in Sources */,
				69C06F7F2625254500FD8C9F /* ProgressIndicator.swift in Sources */,
				69C06F822625268A00FD8C9F /* LandingPageErrorModal.swift in Sources */,
				699827ED26249C35005AC59E /* Apache_Log_DemoApp.swift in Sources */,
			);
			runOnlyForDeploymentPostprocessing = 0;
		};
/* End PBXSourcesBuildPhase section */

/* Begin XCBuildConfiguration section */
		699827F626249C36005AC59E /* Debug */ = {
			isa = XCBuildConfiguration;
			buildSettings = {
				ALWAYS_SEARCH_USER_PATHS = NO;
				CLANG_ANALYZER_NONNULL = YES;
				CLANG_ANALYZER_NUMBER_OBJECT_CONVERSION = YES_AGGRESSIVE;
				CLANG_CXX_LANGUAGE_STANDARD = "gnu++14";
				CLANG_CXX_LIBRARY = "libc++";
				CLANG_ENABLE_MODULES = YES;
				CLANG_ENABLE_OBJC_ARC = YES;
				CLANG_ENABLE_OBJC_WEAK = YES;
				CLANG_WARN_BLOCK_CAPTURE_AUTORELEASING = YES;
				CLANG_WARN_BOOL_CONVERSION = YES;
				CLANG_WARN_COMMA = YES;
				CLANG_WARN_CONSTANT_CONVERSION = YES;
				CLANG_WARN_DEPRECATED_OBJC_IMPLEMENTATIONS = YES;
				CLANG_WARN_DIRECT_OBJC_ISA_USAGE = YES_ERROR;
				CLANG_WARN_DOCUMENTATION_COMMENTS = YES;
				CLANG_WARN_EMPTY_BODY = YES;
				CLANG_WARN_ENUM_CONVERSION = YES;
				CLANG_WARN_INFINITE_RECURSION = YES;
				CLANG_WARN_INT_CONVERSION = YES;
				CLANG_WARN_NON_LITERAL_NULL_CONVERSION = YES;
				CLANG_WARN_OBJC_IMPLICIT_RETAIN_SELF = YES;
				CLANG_WARN_OBJC_LITERAL_CONVERSION = YES;
				CLANG_WARN_OBJC_ROOT_CLASS = YES_ERROR;
				CLANG_WARN_QUOTED_INCLUDE_IN_FRAMEWORK_HEADER = YES;
				CLANG_WARN_RANGE_LOOP_ANALYSIS = YES;
				CLANG_WARN_STRICT_PROTOTYPES = YES;
				CLANG_WARN_SUSPICIOUS_MOVE = YES;
				CLANG_WARN_UNGUARDED_AVAILABILITY = YES_AGGRESSIVE;
				CLANG_WARN_UNREACHABLE_CODE = YES;
				CLANG_WARN__DUPLICATE_METHOD_MATCH = YES;
				COPY_PHASE_STRIP = NO;
				DEBUG_INFORMATION_FORMAT = dwarf;
				ENABLE_STRICT_OBJC_MSGSEND = YES;
				ENABLE_TESTABILITY = YES;
				GCC_C_LANGUAGE_STANDARD = gnu11;
				GCC_DYNAMIC_NO_PIC = NO;
				GCC_NO_COMMON_BLOCKS = YES;
				GCC_OPTIMIZATION_LEVEL = 0;
				GCC_PREPROCESSOR_DEFINITIONS = (
					"DEBUG=1",
					"$(inherited)",
				);
				GCC_WARN_64_TO_32_BIT_CONVERSION = YES;
				GCC_WARN_ABOUT_RETURN_TYPE = YES_ERROR;
				GCC_WARN_UNDECLARED_SELECTOR = YES;
				GCC_WARN_UNINITIALIZED_AUTOS = YES_AGGRESSIVE;
				GCC_WARN_UNUSED_FUNCTION = YES;
				GCC_WARN_UNUSED_VARIABLE = YES;
				IPHONEOS_DEPLOYMENT_TARGET = 14.4;
				MTL_ENABLE_DEBUG_INFO = INCLUDE_SOURCE;
				MTL_FAST_MATH = YES;
				ONLY_ACTIVE_ARCH = YES;
				SDKROOT = iphoneos;
				SWIFT_ACTIVE_COMPILATION_CONDITIONS = DEBUG;
				SWIFT_OPTIMIZATION_LEVEL = "-Onone";
			};
			name = Debug;
		};
		699827F726249C36005AC59E /* Release */ = {
			isa = XCBuildConfiguration;
			buildSettings = {
				ALWAYS_SEARCH_USER_PATHS = NO;
				CLANG_ANALYZER_NONNULL = YES;
				CLANG_ANALYZER_NUMBER_OBJECT_CONVERSION = YES_AGGRESSIVE;
				CLANG_CXX_LANGUAGE_STANDARD = "gnu++14";
				CLANG_CXX_LIBRARY = "libc++";
				CLANG_ENABLE_MODULES = YES;
				CLANG_ENABLE_OBJC_ARC = YES;
				CLANG_ENABLE_OBJC_WEAK = YES;
				CLANG_WARN_BLOCK_CAPTURE_AUTORELEASING = YES;
				CLANG_WARN_BOOL_CONVERSION = YES;
				CLANG_WARN_COMMA = YES;
				CLANG_WARN_CONSTANT_CONVERSION = YES;
				CLANG_WARN_DEPRECATED_OBJC_IMPLEMENTATIONS = YES;
				CLANG_WARN_DIRECT_OBJC_ISA_USAGE = YES_ERROR;
				CLANG_WARN_DOCUMENTATION_COMMENTS = YES;
				CLANG_WARN_EMPTY_BODY = YES;
				CLANG_WARN_ENUM_CONVERSION = YES;
				CLANG_WARN_INFINITE_RECURSION = YES;
				CLANG_WARN_INT_CONVERSION = YES;
				CLANG_WARN_NON_LITERAL_NULL_CONVERSION = YES;
				CLANG_WARN_OBJC_IMPLICIT_RETAIN_SELF = YES;
				CLANG_WARN_OBJC_LITERAL_CONVERSION = YES;
				CLANG_WARN_OBJC_ROOT_CLASS = YES_ERROR;
				CLANG_WARN_QUOTED_INCLUDE_IN_FRAMEWORK_HEADER = YES;
				CLANG_WARN_RANGE_LOOP_ANALYSIS = YES;
				CLANG_WARN_STRICT_PROTOTYPES = YES;
				CLANG_WARN_SUSPICIOUS_MOVE = YES;
				CLANG_WARN_UNGUARDED_AVAILABILITY = YES_AGGRESSIVE;
				CLANG_WARN_UNREACHABLE_CODE = YES;
				CLANG_WARN__DUPLICATE_METHOD_MATCH = YES;
				COPY_PHASE_STRIP = NO;
				DEBUG_INFORMATION_FORMAT = "dwarf-with-dsym";
				ENABLE_NS_ASSERTIONS = NO;
				ENABLE_STRICT_OBJC_MSGSEND = YES;
				GCC_C_LANGUAGE_STANDARD = gnu11;
				GCC_NO_COMMON_BLOCKS = YES;
				GCC_WARN_64_TO_32_BIT_CONVERSION = YES;
				GCC_WARN_ABOUT_RETURN_TYPE = YES_ERROR;
				GCC_WARN_UNDECLARED_SELECTOR = YES;
				GCC_WARN_UNINITIALIZED_AUTOS = YES_AGGRESSIVE;
				GCC_WARN_UNUSED_FUNCTION = YES;
				GCC_WARN_UNUSED_VARIABLE = YES;
				IPHONEOS_DEPLOYMENT_TARGET = 14.4;
				MTL_ENABLE_DEBUG_INFO = NO;
				MTL_FAST_MATH = YES;
				SDKROOT = iphoneos;
				SWIFT_COMPILATION_MODE = wholemodule;
				SWIFT_OPTIMIZATION_LEVEL = "-O";
				VALIDATE_PRODUCT = YES;
			};
			name = Release;
		};
		699827F926249C36005AC59E /* Debug */ = {
			isa = XCBuildConfiguration;
			buildSettings = {
				ASSETCATALOG_COMPILER_APPICON_NAME = AppIcon;
				ASSETCATALOG_COMPILER_GLOBAL_ACCENT_COLOR_NAME = AccentColor;
				CODE_SIGN_STYLE = Automatic;
				DEVELOPMENT_ASSET_PATHS = "\"Apache-Log-Demo/Preview Content\"";
				DEVELOPMENT_TEAM = 4RYSPTY79R;
				ENABLE_PREVIEWS = YES;
				INFOPLIST_FILE = "Apache-Log-Demo/Info.plist";
				IPHONEOS_DEPLOYMENT_TARGET = 14.0;
				LD_RUNPATH_SEARCH_PATHS = (
					"$(inherited)",
					"@executable_path/Frameworks",
				);
				PRODUCT_BUNDLE_IDENTIFIER = "com.InspiringApps.Apache-Log-Demo";
				PRODUCT_NAME = "$(TARGET_NAME)";
				SWIFT_VERSION = 5.0;
				TARGETED_DEVICE_FAMILY = "1,2";
			};
			name = Debug;
		};
		699827FA26249C36005AC59E /* Release */ = {
			isa = XCBuildConfiguration;
			buildSettings = {
				ASSETCATALOG_COMPILER_APPICON_NAME = AppIcon;
				ASSETCATALOG_COMPILER_GLOBAL_ACCENT_COLOR_NAME = AccentColor;
				CODE_SIGN_STYLE = Automatic;
				DEVELOPMENT_ASSET_PATHS = "\"Apache-Log-Demo/Preview Content\"";
				DEVELOPMENT_TEAM = 4RYSPTY79R;
				ENABLE_PREVIEWS = YES;
				INFOPLIST_FILE = "Apache-Log-Demo/Info.plist";
				IPHONEOS_DEPLOYMENT_TARGET = 14.0;
				LD_RUNPATH_SEARCH_PATHS = (
					"$(inherited)",
					"@executable_path/Frameworks",
				);
				PRODUCT_BUNDLE_IDENTIFIER = "com.InspiringApps.Apache-Log-Demo";
				PRODUCT_NAME = "$(TARGET_NAME)";
				SWIFT_VERSION = 5.0;
				TARGETED_DEVICE_FAMILY = "1,2";
			};
			name = Release;
		};
/* End XCBuildConfiguration section */

/* Begin XCConfigurationList section */
		699827E426249C35005AC59E /* Build configuration list for PBXProject "Apache-Log-Demo" */ = {
			isa = XCConfigurationList;
			buildConfigurations = (
				699827F626249C36005AC59E /* Debug */,
				699827F726249C36005AC59E /* Release */,
			);
			defaultConfigurationIsVisible = 0;
			defaultConfigurationName = Release;
		};
		699827F826249C36005AC59E /* Build configuration list for PBXNativeTarget "Apache-Log-Demo" */ = {
			isa = XCConfigurationList;
			buildConfigurations = (
				699827F926249C36005AC59E /* Debug */,
				699827FA26249C36005AC59E /* Release */,
			);
			defaultConfigurationIsVisible = 0;
			defaultConfigurationName = Release;
		};
/* End XCConfigurationList section */
	};
	rootObject = 699827E126249C35005AC59E /* Project object */;
}
